// !$*UTF8*$!
{
	archiveVersion = 1;
	classes = {
	};
	objectVersion = 50;
	objects = {

/* Begin PBXBuildFile section */
		BC225872258130F0009FBCE2 /* ItemTableViewCell.swift in Sources */ = {isa = PBXBuildFile; fileRef = BC225870258130F0009FBCE2 /* ItemTableViewCell.swift */; };
		BC225873258130F0009FBCE2 /* ItemTableViewCell.xib in Resources */ = {isa = PBXBuildFile; fileRef = BC225871258130F0009FBCE2 /* ItemTableViewCell.xib */; };
		BC2258792581316E009FBCE2 /* ColorStyle.swift in Sources */ = {isa = PBXBuildFile; fileRef = BC2258782581316E009FBCE2 /* ColorStyle.swift */; };
		BC225881258132AF009FBCE2 /* UIColor+Theme.swift in Sources */ = {isa = PBXBuildFile; fileRef = BC225880258132AF009FBCE2 /* UIColor+Theme.swift */; };
		BC22588925813746009FBCE2 /* PriorityType.swift in Sources */ = {isa = PBXBuildFile; fileRef = BC22588825813746009FBCE2 /* PriorityType.swift */; };
		BC225891258137BF009FBCE2 /* ItemModel.swift in Sources */ = {isa = PBXBuildFile; fileRef = BC225890258137BF009FBCE2 /* ItemModel.swift */; };
		BC2258962581413B009FBCE2 /* DetailPresenter.swift in Sources */ = {isa = PBXBuildFile; fileRef = BC2258952581413B009FBCE2 /* DetailPresenter.swift */; };
		BC22589C2581427A009FBCE2 /* CoreDataService.swift in Sources */ = {isa = PBXBuildFile; fileRef = BC22589B2581427A009FBCE2 /* CoreDataService.swift */; };
		BC2258A5258142D1009FBCE2 /* Presenter.swift in Sources */ = {isa = PBXBuildFile; fileRef = BC2258A4258142D1009FBCE2 /* Presenter.swift */; };
		BC2258AD25814400009FBCE2 /* ListPresenter.swift in Sources */ = {isa = PBXBuildFile; fileRef = BC2258AC25814400009FBCE2 /* ListPresenter.swift */; };
		BC2258EC25814D0D009FBCE2 /* CustomError.swift in Sources */ = {isa = PBXBuildFile; fileRef = BC2258EB25814D0D009FBCE2 /* CustomError.swift */; };
		BC9779F22581190F00760CC1 /* AppDelegate.swift in Sources */ = {isa = PBXBuildFile; fileRef = BC9779F12581190F00760CC1 /* AppDelegate.swift */; };
		BC9779F42581190F00760CC1 /* SceneDelegate.swift in Sources */ = {isa = PBXBuildFile; fileRef = BC9779F32581190F00760CC1 /* SceneDelegate.swift */; };
		BC9779F62581190F00760CC1 /* ListViewController.swift in Sources */ = {isa = PBXBuildFile; fileRef = BC9779F52581190F00760CC1 /* ListViewController.swift */; };
		BC9779F92581190F00760CC1 /* Main.storyboard in Resources */ = {isa = PBXBuildFile; fileRef = BC9779F72581190F00760CC1 /* Main.storyboard */; };
		BC9779FC2581190F00760CC1 /* ToDoList.xcdatamodeld in Sources */ = {isa = PBXBuildFile; fileRef = BC9779FA2581190F00760CC1 /* ToDoList.xcdatamodeld */; };
		BC9779FE2581191200760CC1 /* Assets.xcassets in Resources */ = {isa = PBXBuildFile; fileRef = BC9779FD2581191200760CC1 /* Assets.xcassets */; };
		BC977A012581191200760CC1 /* LaunchScreen.storyboard in Resources */ = {isa = PBXBuildFile; fileRef = BC9779FF2581191200760CC1 /* LaunchScreen.storyboard */; };
		BC977A0C2581191200760CC1 /* ToDoListTests.swift in Sources */ = {isa = PBXBuildFile; fileRef = BC977A0B2581191200760CC1 /* ToDoListTests.swift */; };
		BC977A172581191200760CC1 /* ToDoListUITests.swift in Sources */ = {isa = PBXBuildFile; fileRef = BC977A162581191200760CC1 /* ToDoListUITests.swift */; };
		BC977A34258119EC00760CC1 /* Color.xcassets in Resources */ = {isa = PBXBuildFile; fileRef = BC977A33258119EC00760CC1 /* Color.xcassets */; };
		BCAAC68F25812EFD0025F61C /* DetailViewController.swift in Sources */ = {isa = PBXBuildFile; fileRef = BCAAC68E25812EFD0025F61C /* DetailViewController.swift */; };
/* End PBXBuildFile section */

/* Begin PBXContainerItemProxy section */
		BC977A082581191200760CC1 /* PBXContainerItemProxy */ = {
			isa = PBXContainerItemProxy;
			containerPortal = BC9779E62581190F00760CC1 /* Project object */;
			proxyType = 1;
			remoteGlobalIDString = BC9779ED2581190F00760CC1;
			remoteInfo = ToDoList;
		};
		BC977A132581191200760CC1 /* PBXContainerItemProxy */ = {
			isa = PBXContainerItemProxy;
			containerPortal = BC9779E62581190F00760CC1 /* Project object */;
			proxyType = 1;
			remoteGlobalIDString = BC9779ED2581190F00760CC1;
			remoteInfo = ToDoList;
		};
/* End PBXContainerItemProxy section */

/* Begin PBXFileReference section */
		BC225870258130F0009FBCE2 /* ItemTableViewCell.swift */ = {isa = PBXFileReference; lastKnownFileType = sourcecode.swift; path = ItemTableViewCell.swift; sourceTree = "<group>"; };
		BC225871258130F0009FBCE2 /* ItemTableViewCell.xib */ = {isa = PBXFileReference; lastKnownFileType = file.xib; path = ItemTableViewCell.xib; sourceTree = "<group>"; };
		BC2258782581316E009FBCE2 /* ColorStyle.swift */ = {isa = PBXFileReference; lastKnownFileType = sourcecode.swift; path = ColorStyle.swift; sourceTree = "<group>"; };
		BC225880258132AF009FBCE2 /* UIColor+Theme.swift */ = {isa = PBXFileReference; lastKnownFileType = sourcecode.swift; path = "UIColor+Theme.swift"; sourceTree = "<group>"; };
		BC22588825813746009FBCE2 /* PriorityType.swift */ = {isa = PBXFileReference; lastKnownFileType = sourcecode.swift; path = PriorityType.swift; sourceTree = "<group>"; };
		BC225890258137BF009FBCE2 /* ItemModel.swift */ = {isa = PBXFileReference; lastKnownFileType = sourcecode.swift; path = ItemModel.swift; sourceTree = "<group>"; };
		BC2258952581413B009FBCE2 /* DetailPresenter.swift */ = {isa = PBXFileReference; lastKnownFileType = sourcecode.swift; path = DetailPresenter.swift; sourceTree = "<group>"; };
		BC22589B2581427A009FBCE2 /* CoreDataService.swift */ = {isa = PBXFileReference; lastKnownFileType = sourcecode.swift; path = CoreDataService.swift; sourceTree = "<group>"; };
		BC2258A4258142D1009FBCE2 /* Presenter.swift */ = {isa = PBXFileReference; lastKnownFileType = sourcecode.swift; path = Presenter.swift; sourceTree = "<group>"; };
		BC2258AC25814400009FBCE2 /* ListPresenter.swift */ = {isa = PBXFileReference; lastKnownFileType = sourcecode.swift; path = ListPresenter.swift; sourceTree = "<group>"; };
		BC2258EB25814D0D009FBCE2 /* CustomError.swift */ = {isa = PBXFileReference; lastKnownFileType = sourcecode.swift; path = CustomError.swift; sourceTree = "<group>"; };
		BC9779EE2581190F00760CC1 /* ToDoList.app */ = {isa = PBXFileReference; explicitFileType = wrapper.application; includeInIndex = 0; path = ToDoList.app; sourceTree = BUILT_PRODUCTS_DIR; };
		BC9779F12581190F00760CC1 /* AppDelegate.swift */ = {isa = PBXFileReference; lastKnownFileType = sourcecode.swift; path = AppDelegate.swift; sourceTree = "<group>"; };
		BC9779F32581190F00760CC1 /* SceneDelegate.swift */ = {isa = PBXFileReference; lastKnownFileType = sourcecode.swift; path = SceneDelegate.swift; sourceTree = "<group>"; };
		BC9779F52581190F00760CC1 /* ListViewController.swift */ = {isa = PBXFileReference; lastKnownFileType = sourcecode.swift; path = ListViewController.swift; sourceTree = "<group>"; };
		BC9779F82581190F00760CC1 /* Base */ = {isa = PBXFileReference; lastKnownFileType = file.storyboard; name = Base; path = Base.lproj/Main.storyboard; sourceTree = "<group>"; };
		BC9779FB2581190F00760CC1 /* ToDoList.xcdatamodel */ = {isa = PBXFileReference; lastKnownFileType = wrapper.xcdatamodel; path = ToDoList.xcdatamodel; sourceTree = "<group>"; };
		BC9779FD2581191200760CC1 /* Assets.xcassets */ = {isa = PBXFileReference; lastKnownFileType = folder.assetcatalog; path = Assets.xcassets; sourceTree = "<group>"; };
		BC977A002581191200760CC1 /* Base */ = {isa = PBXFileReference; lastKnownFileType = file.storyboard; name = Base; path = Base.lproj/LaunchScreen.storyboard; sourceTree = "<group>"; };
		BC977A022581191200760CC1 /* Info.plist */ = {isa = PBXFileReference; lastKnownFileType = text.plist.xml; path = Info.plist; sourceTree = "<group>"; };
		BC977A072581191200760CC1 /* ToDoListTests.xctest */ = {isa = PBXFileReference; explicitFileType = wrapper.cfbundle; includeInIndex = 0; path = ToDoListTests.xctest; sourceTree = BUILT_PRODUCTS_DIR; };
		BC977A0B2581191200760CC1 /* ToDoListTests.swift */ = {isa = PBXFileReference; lastKnownFileType = sourcecode.swift; path = ToDoListTests.swift; sourceTree = "<group>"; };
		BC977A0D2581191200760CC1 /* Info.plist */ = {isa = PBXFileReference; lastKnownFileType = text.plist.xml; path = Info.plist; sourceTree = "<group>"; };
		BC977A122581191200760CC1 /* ToDoListUITests.xctest */ = {isa = PBXFileReference; explicitFileType = wrapper.cfbundle; includeInIndex = 0; path = ToDoListUITests.xctest; sourceTree = BUILT_PRODUCTS_DIR; };
		BC977A162581191200760CC1 /* ToDoListUITests.swift */ = {isa = PBXFileReference; lastKnownFileType = sourcecode.swift; path = ToDoListUITests.swift; sourceTree = "<group>"; };
		BC977A182581191200760CC1 /* Info.plist */ = {isa = PBXFileReference; lastKnownFileType = text.plist.xml; path = Info.plist; sourceTree = "<group>"; };
		BC977A33258119EC00760CC1 /* Color.xcassets */ = {isa = PBXFileReference; lastKnownFileType = folder.assetcatalog; path = Color.xcassets; sourceTree = "<group>"; };
		BCAAC68E25812EFD0025F61C /* DetailViewController.swift */ = {isa = PBXFileReference; lastKnownFileType = sourcecode.swift; path = DetailViewController.swift; sourceTree = "<group>"; };
/* End PBXFileReference section */

/* Begin PBXFrameworksBuildPhase section */
		BC9779EB2581190F00760CC1 /* Frameworks */ = {
			isa = PBXFrameworksBuildPhase;
			buildActionMask = 2147483647;
			files = (
			);
			runOnlyForDeploymentPostprocessing = 0;
		};
		BC977A042581191200760CC1 /* Frameworks */ = {
			isa = PBXFrameworksBuildPhase;
			buildActionMask = 2147483647;
			files = (
			);
			runOnlyForDeploymentPostprocessing = 0;
		};
		BC977A0F2581191200760CC1 /* Frameworks */ = {
			isa = PBXFrameworksBuildPhase;
			buildActionMask = 2147483647;
			files = (
			);
			runOnlyForDeploymentPostprocessing = 0;
		};
/* End PBXFrameworksBuildPhase section */

/* Begin PBXGroup section */
		BC22586F258130D8009FBCE2 /* TableViewCells */ = {
			isa = PBXGroup;
			children = (
				BC225870258130F0009FBCE2 /* ItemTableViewCell.swift */,
				BC225871258130F0009FBCE2 /* ItemTableViewCell.xib */,
			);
			path = TableViewCells;
			sourceTree = "<group>";
		};
		BC22587725813150009FBCE2 /* Theme */ = {
			isa = PBXGroup;
			children = (
				BC2258782581316E009FBCE2 /* ColorStyle.swift */,
				BC225880258132AF009FBCE2 /* UIColor+Theme.swift */,
			);
			path = Theme;
			sourceTree = "<group>";
		};
		BC225885258136E4009FBCE2 /* Models */ = {
			isa = PBXGroup;
			children = (
				BC225890258137BF009FBCE2 /* ItemModel.swift */,
			);
			path = Models;
			sourceTree = "<group>";
		};
		BC2258862581372D009FBCE2 /* Common */ = {
			isa = PBXGroup;
			children = (
				BC2258EB25814D0D009FBCE2 /* CustomError.swift */,
				BC2258A3258142C6009FBCE2 /* Base */,
				BC22589A2581426F009FBCE2 /* Service */,
				BC2258872581373B009FBCE2 /* Enums */,
			);
			path = Common;
			sourceTree = "<group>";
		};
		BC2258872581373B009FBCE2 /* Enums */ = {
			isa = PBXGroup;
			children = (
				BC22588825813746009FBCE2 /* PriorityType.swift */,
			);
			path = Enums;
			sourceTree = "<group>";
		};
		BC22589A2581426F009FBCE2 /* Service */ = {
			isa = PBXGroup;
			children = (
				BC22589B2581427A009FBCE2 /* CoreDataService.swift */,
			);
			path = Service;
			sourceTree = "<group>";
		};
		BC2258A3258142C6009FBCE2 /* Base */ = {
			isa = PBXGroup;
			children = (
				BC2258A4258142D1009FBCE2 /* Presenter.swift */,
			);
			path = Base;
			sourceTree = "<group>";
		};
		BC9779E52581190F00760CC1 = {
			isa = PBXGroup;
			children = (
				BC9779F02581190F00760CC1 /* ToDoList */,
				BC977A0A2581191200760CC1 /* ToDoListTests */,
				BC977A152581191200760CC1 /* ToDoListUITests */,
				BC9779EF2581190F00760CC1 /* Products */,
			);
			sourceTree = "<group>";
		};
		BC9779EF2581190F00760CC1 /* Products */ = {
			isa = PBXGroup;
			children = (
				BC9779EE2581190F00760CC1 /* ToDoList.app */,
				BC977A072581191200760CC1 /* ToDoListTests.xctest */,
				BC977A122581191200760CC1 /* ToDoListUITests.xctest */,
			);
			name = Products;
			sourceTree = "<group>";
		};
		BC9779F02581190F00760CC1 /* ToDoList */ = {
			isa = PBXGroup;
			children = (
				BC977A022581191200760CC1 /* Info.plist */,
				BC977A4125811A6D00760CC1 /* Application */,
				BC977A4225811A8100760CC1 /* Resources */,
				BC2258862581372D009FBCE2 /* Common */,
				BC977A4425811AC700760CC1 /* Scenes */,
				BC22587725813150009FBCE2 /* Theme */,
			);
			path = ToDoList;
			sourceTree = "<group>";
		};
		BC977A0A2581191200760CC1 /* ToDoListTests */ = {
			isa = PBXGroup;
			children = (
				BC977A0B2581191200760CC1 /* ToDoListTests.swift */,
				BC977A0D2581191200760CC1 /* Info.plist */,
			);
			path = ToDoListTests;
			sourceTree = "<group>";
		};
		BC977A152581191200760CC1 /* ToDoListUITests */ = {
			isa = PBXGroup;
			children = (
				BC977A162581191200760CC1 /* ToDoListUITests.swift */,
				BC977A182581191200760CC1 /* Info.plist */,
			);
			path = ToDoListUITests;
			sourceTree = "<group>";
		};
		BC977A4125811A6D00760CC1 /* Application */ = {
			isa = PBXGroup;
			children = (
				BC9779F12581190F00760CC1 /* AppDelegate.swift */,
				BC9779F32581190F00760CC1 /* SceneDelegate.swift */,
			);
			path = Application;
			sourceTree = "<group>";
		};
		BC977A4225811A8100760CC1 /* Resources */ = {
			isa = PBXGroup;
			children = (
				BC977A4325811AA000760CC1 /* CoreDataModel */,
				BC9779FD2581191200760CC1 /* Assets.xcassets */,
				BC977A33258119EC00760CC1 /* Color.xcassets */,
			);
			path = Resources;
			sourceTree = "<group>";
		};
		BC977A4325811AA000760CC1 /* CoreDataModel */ = {
			isa = PBXGroup;
			children = (
				BC9779FA2581190F00760CC1 /* ToDoList.xcdatamodeld */,
			);
			path = CoreDataModel;
			sourceTree = "<group>";
		};
		BC977A4425811AC700760CC1 /* Scenes */ = {
			isa = PBXGroup;
			children = (
				BCAAC68D25812ECC0025F61C /* Detail */,
				BCAAC68C25812EC70025F61C /* List */,
				BC9779F72581190F00760CC1 /* Main.storyboard */,
				BC9779FF2581191200760CC1 /* LaunchScreen.storyboard */,
			);
			path = Scenes;
			sourceTree = "<group>";
		};
		BCAAC68C25812EC70025F61C /* List */ = {
			isa = PBXGroup;
			children = (
				BC225885258136E4009FBCE2 /* Models */,
				BC22586F258130D8009FBCE2 /* TableViewCells */,
				BC2258AC25814400009FBCE2 /* ListPresenter.swift */,
				BC9779F52581190F00760CC1 /* ListViewController.swift */,
			);
			path = List;
			sourceTree = "<group>";
		};
		BCAAC68D25812ECC0025F61C /* Detail */ = {
			isa = PBXGroup;
			children = (
				BC2258952581413B009FBCE2 /* DetailPresenter.swift */,
				BCAAC68E25812EFD0025F61C /* DetailViewController.swift */,
			);
			path = Detail;
			sourceTree = "<group>";
		};
/* End PBXGroup section */

/* Begin PBXNativeTarget section */
		BC9779ED2581190F00760CC1 /* ToDoList */ = {
			isa = PBXNativeTarget;
			buildConfigurationList = BC977A1B2581191200760CC1 /* Build configuration list for PBXNativeTarget "ToDoList" */;
			buildPhases = (
				BC9779EA2581190F00760CC1 /* Sources */,
				BC9779EB2581190F00760CC1 /* Frameworks */,
				BC9779EC2581190F00760CC1 /* Resources */,
			);
			buildRules = (
			);
			dependencies = (
			);
			name = ToDoList;
			productName = ToDoList;
			productReference = BC9779EE2581190F00760CC1 /* ToDoList.app */;
			productType = "com.apple.product-type.application";
		};
		BC977A062581191200760CC1 /* ToDoListTests */ = {
			isa = PBXNativeTarget;
			buildConfigurationList = BC977A1E2581191200760CC1 /* Build configuration list for PBXNativeTarget "ToDoListTests" */;
			buildPhases = (
				BC977A032581191200760CC1 /* Sources */,
				BC977A042581191200760CC1 /* Frameworks */,
				BC977A052581191200760CC1 /* Resources */,
			);
			buildRules = (
			);
			dependencies = (
				BC977A092581191200760CC1 /* PBXTargetDependency */,
			);
			name = ToDoListTests;
			productName = ToDoListTests;
			productReference = BC977A072581191200760CC1 /* ToDoListTests.xctest */;
			productType = "com.apple.product-type.bundle.unit-test";
		};
		BC977A112581191200760CC1 /* ToDoListUITests */ = {
			isa = PBXNativeTarget;
			buildConfigurationList = BC977A212581191200760CC1 /* Build configuration list for PBXNativeTarget "ToDoListUITests" */;
			buildPhases = (
				BC977A0E2581191200760CC1 /* Sources */,
				BC977A0F2581191200760CC1 /* Frameworks */,
				BC977A102581191200760CC1 /* Resources */,
			);
			buildRules = (
			);
			dependencies = (
				BC977A142581191200760CC1 /* PBXTargetDependency */,
			);
			name = ToDoListUITests;
			productName = ToDoListUITests;
			productReference = BC977A122581191200760CC1 /* ToDoListUITests.xctest */;
			productType = "com.apple.product-type.bundle.ui-testing";
		};
/* End PBXNativeTarget section */

/* Begin PBXProject section */
		BC9779E62581190F00760CC1 /* Project object */ = {
			isa = PBXProject;
			attributes = {
				LastSwiftUpdateCheck = 1220;
				LastUpgradeCheck = 1220;
				TargetAttributes = {
					BC9779ED2581190F00760CC1 = {
						CreatedOnToolsVersion = 12.2;
					};
					BC977A062581191200760CC1 = {
						CreatedOnToolsVersion = 12.2;
						TestTargetID = BC9779ED2581190F00760CC1;
					};
					BC977A112581191200760CC1 = {
						CreatedOnToolsVersion = 12.2;
						TestTargetID = BC9779ED2581190F00760CC1;
					};
				};
			};
			buildConfigurationList = BC9779E92581190F00760CC1 /* Build configuration list for PBXProject "ToDoList" */;
			compatibilityVersion = "Xcode 9.3";
			developmentRegion = en;
			hasScannedForEncodings = 0;
			knownRegions = (
				en,
				Base,
			);
			mainGroup = BC9779E52581190F00760CC1;
			productRefGroup = BC9779EF2581190F00760CC1 /* Products */;
			projectDirPath = "";
			projectRoot = "";
			targets = (
				BC9779ED2581190F00760CC1 /* ToDoList */,
				BC977A062581191200760CC1 /* ToDoListTests */,
				BC977A112581191200760CC1 /* ToDoListUITests */,
			);
		};
/* End PBXProject section */

/* Begin PBXResourcesBuildPhase section */
		BC9779EC2581190F00760CC1 /* Resources */ = {
			isa = PBXResourcesBuildPhase;
			buildActionMask = 2147483647;
			files = (
				BC977A012581191200760CC1 /* LaunchScreen.storyboard in Resources */,
				BC977A34258119EC00760CC1 /* Color.xcassets in Resources */,
				BC9779FE2581191200760CC1 /* Assets.xcassets in Resources */,
				BC225873258130F0009FBCE2 /* ItemTableViewCell.xib in Resources */,
				BC9779F92581190F00760CC1 /* Main.storyboard in Resources */,
			);
			runOnlyForDeploymentPostprocessing = 0;
		};
		BC977A052581191200760CC1 /* Resources */ = {
			isa = PBXResourcesBuildPhase;
			buildActionMask = 2147483647;
			files = (
			);
			runOnlyForDeploymentPostprocessing = 0;
		};
		BC977A102581191200760CC1 /* Resources */ = {
			isa = PBXResourcesBuildPhase;
			buildActionMask = 2147483647;
			files = (
			);
			runOnlyForDeploymentPostprocessing = 0;
		};
/* End PBXResourcesBuildPhase section */

/* Begin PBXSourcesBuildPhase section */
		BC9779EA2581190F00760CC1 /* Sources */ = {
			isa = PBXSourcesBuildPhase;
			buildActionMask = 2147483647;
			files = (
				BC2258AD25814400009FBCE2 /* ListPresenter.swift in Sources */,
				BC225891258137BF009FBCE2 /* ItemModel.swift in Sources */,
				BC9779F62581190F00760CC1 /* ListViewController.swift in Sources */,
				BC225881258132AF009FBCE2 /* UIColor+Theme.swift in Sources */,
				BC22588925813746009FBCE2 /* PriorityType.swift in Sources */,
				BC2258EC25814D0D009FBCE2 /* CustomError.swift in Sources */,
				BC22589C2581427A009FBCE2 /* CoreDataService.swift in Sources */,
				BC2258962581413B009FBCE2 /* DetailPresenter.swift in Sources */,
				BC9779F22581190F00760CC1 /* AppDelegate.swift in Sources */,
				BCAAC68F25812EFD0025F61C /* DetailViewController.swift in Sources */,
				BC9779F42581190F00760CC1 /* SceneDelegate.swift in Sources */,
				BC2258792581316E009FBCE2 /* ColorStyle.swift in Sources */,
				BC2258A5258142D1009FBCE2 /* Presenter.swift in Sources */,
				BC225872258130F0009FBCE2 /* ItemTableViewCell.swift in Sources */,
				BC9779FC2581190F00760CC1 /* ToDoList.xcdatamodeld in Sources */,
			);
			runOnlyForDeploymentPostprocessing = 0;
		};
		BC977A032581191200760CC1 /* Sources */ = {
			isa = PBXSourcesBuildPhase;
			buildActionMask = 2147483647;
			files = (
				BC977A0C2581191200760CC1 /* ToDoListTests.swift in Sources */,
			);
			runOnlyForDeploymentPostprocessing = 0;
		};
		BC977A0E2581191200760CC1 /* Sources */ = {
			isa = PBXSourcesBuildPhase;
			buildActionMask = 2147483647;
			files = (
				BC977A172581191200760CC1 /* ToDoListUITests.swift in Sources */,
			);
			runOnlyForDeploymentPostprocessing = 0;
		};
/* End PBXSourcesBuildPhase section */

/* Begin PBXTargetDependency section */
		BC977A092581191200760CC1 /* PBXTargetDependency */ = {
			isa = PBXTargetDependency;
			target = BC9779ED2581190F00760CC1 /* ToDoList */;
			targetProxy = BC977A082581191200760CC1 /* PBXContainerItemProxy */;
		};
		BC977A142581191200760CC1 /* PBXTargetDependency */ = {
			isa = PBXTargetDependency;
			target = BC9779ED2581190F00760CC1 /* ToDoList */;
			targetProxy = BC977A132581191200760CC1 /* PBXContainerItemProxy */;
		};
/* End PBXTargetDependency section */

/* Begin PBXVariantGroup section */
		BC9779F72581190F00760CC1 /* Main.storyboard */ = {
			isa = PBXVariantGroup;
			children = (
				BC9779F82581190F00760CC1 /* Base */,
			);
			name = Main.storyboard;
			sourceTree = "<group>";
		};
		BC9779FF2581191200760CC1 /* LaunchScreen.storyboard */ = {
			isa = PBXVariantGroup;
			children = (
				BC977A002581191200760CC1 /* Base */,
			);
			name = LaunchScreen.storyboard;
			sourceTree = "<group>";
		};
/* End PBXVariantGroup section */

/* Begin XCBuildConfiguration section */
		BC977A192581191200760CC1 /* Debug */ = {
			isa = XCBuildConfiguration;
			buildSettings = {
				ALWAYS_SEARCH_USER_PATHS = NO;
				CLANG_ANALYZER_NONNULL = YES;
				CLANG_ANALYZER_NUMBER_OBJECT_CONVERSION = YES_AGGRESSIVE;
				CLANG_CXX_LANGUAGE_STANDARD = "gnu++14";
				CLANG_CXX_LIBRARY = "libc++";
				CLANG_ENABLE_MODULES = YES;
				CLANG_ENABLE_OBJC_ARC = YES;
				CLANG_ENABLE_OBJC_WEAK = YES;
				CLANG_WARN_BLOCK_CAPTURE_AUTORELEASING = YES;
				CLANG_WARN_BOOL_CONVERSION = YES;
				CLANG_WARN_COMMA = YES;
				CLANG_WARN_CONSTANT_CONVERSION = YES;
				CLANG_WARN_DEPRECATED_OBJC_IMPLEMENTATIONS = YES;
				CLANG_WARN_DIRECT_OBJC_ISA_USAGE = YES_ERROR;
				CLANG_WARN_DOCUMENTATION_COMMENTS = YES;
				CLANG_WARN_EMPTY_BODY = YES;
				CLANG_WARN_ENUM_CONVERSION = YES;
				CLANG_WARN_INFINITE_RECURSION = YES;
				CLANG_WARN_INT_CONVERSION = YES;
				CLANG_WARN_NON_LITERAL_NULL_CONVERSION = YES;
				CLANG_WARN_OBJC_IMPLICIT_RETAIN_SELF = YES;
				CLANG_WARN_OBJC_LITERAL_CONVERSION = YES;
				CLANG_WARN_OBJC_ROOT_CLASS = YES_ERROR;
				CLANG_WARN_QUOTED_INCLUDE_IN_FRAMEWORK_HEADER = YES;
				CLANG_WARN_RANGE_LOOP_ANALYSIS = YES;
				CLANG_WARN_STRICT_PROTOTYPES = YES;
				CLANG_WARN_SUSPICIOUS_MOVE = YES;
				CLANG_WARN_UNGUARDED_AVAILABILITY = YES_AGGRESSIVE;
				CLANG_WARN_UNREACHABLE_CODE = YES;
				CLANG_WARN__DUPLICATE_METHOD_MATCH = YES;
				COPY_PHASE_STRIP = NO;
				DEBUG_INFORMATION_FORMAT = dwarf;
				ENABLE_STRICT_OBJC_MSGSEND = YES;
				ENABLE_TESTABILITY = YES;
				GCC_C_LANGUAGE_STANDARD = gnu11;
				GCC_DYNAMIC_NO_PIC = NO;
				GCC_NO_COMMON_BLOCKS = YES;
				GCC_OPTIMIZATION_LEVEL = 0;
				GCC_PREPROCESSOR_DEFINITIONS = (
					"DEBUG=1",
					"$(inherited)",
				);
				GCC_WARN_64_TO_32_BIT_CONVERSION = YES;
				GCC_WARN_ABOUT_RETURN_TYPE = YES_ERROR;
				GCC_WARN_UNDECLARED_SELECTOR = YES;
				GCC_WARN_UNINITIALIZED_AUTOS = YES_AGGRESSIVE;
				GCC_WARN_UNUSED_FUNCTION = YES;
				GCC_WARN_UNUSED_VARIABLE = YES;
				IPHONEOS_DEPLOYMENT_TARGET = 13.0;
				MTL_ENABLE_DEBUG_INFO = INCLUDE_SOURCE;
				MTL_FAST_MATH = YES;
				ONLY_ACTIVE_ARCH = YES;
				SDKROOT = iphoneos;
				SWIFT_ACTIVE_COMPILATION_CONDITIONS = DEBUG;
				SWIFT_OPTIMIZATION_LEVEL = "-Onone";
			};
			name = Debug;
		};
		BC977A1A2581191200760CC1 /* Release */ = {
			isa = XCBuildConfiguration;
			buildSettings = {
				ALWAYS_SEARCH_USER_PATHS = NO;
				CLANG_ANALYZER_NONNULL = YES;
				CLANG_ANALYZER_NUMBER_OBJECT_CONVERSION = YES_AGGRESSIVE;
				CLANG_CXX_LANGUAGE_STANDARD = "gnu++14";
				CLANG_CXX_LIBRARY = "libc++";
				CLANG_ENABLE_MODULES = YES;
				CLANG_ENABLE_OBJC_ARC = YES;
				CLANG_ENABLE_OBJC_WEAK = YES;
				CLANG_WARN_BLOCK_CAPTURE_AUTORELEASING = YES;
				CLANG_WARN_BOOL_CONVERSION = YES;
				CLANG_WARN_COMMA = YES;
				CLANG_WARN_CONSTANT_CONVERSION = YES;
				CLANG_WARN_DEPRECATED_OBJC_IMPLEMENTATIONS = YES;
				CLANG_WARN_DIRECT_OBJC_ISA_USAGE = YES_ERROR;
				CLANG_WARN_DOCUMENTATION_COMMENTS = YES;
				CLANG_WARN_EMPTY_BODY = YES;
				CLANG_WARN_ENUM_CONVERSION = YES;
				CLANG_WARN_INFINITE_RECURSION = YES;
				CLANG_WARN_INT_CONVERSION = YES;
				CLANG_WARN_NON_LITERAL_NULL_CONVERSION = YES;
				CLANG_WARN_OBJC_IMPLICIT_RETAIN_SELF = YES;
				CLANG_WARN_OBJC_LITERAL_CONVERSION = YES;
				CLANG_WARN_OBJC_ROOT_CLASS = YES_ERROR;
				CLANG_WARN_QUOTED_INCLUDE_IN_FRAMEWORK_HEADER = YES;
				CLANG_WARN_RANGE_LOOP_ANALYSIS = YES;
				CLANG_WARN_STRICT_PROTOTYPES = YES;
				CLANG_WARN_SUSPICIOUS_MOVE = YES;
				CLANG_WARN_UNGUARDED_AVAILABILITY = YES_AGGRESSIVE;
				CLANG_WARN_UNREACHABLE_CODE = YES;
				CLANG_WARN__DUPLICATE_METHOD_MATCH = YES;
				COPY_PHASE_STRIP = NO;
				DEBUG_INFORMATION_FORMAT = "dwarf-with-dsym";
				ENABLE_NS_ASSERTIONS = NO;
				ENABLE_STRICT_OBJC_MSGSEND = YES;
				GCC_C_LANGUAGE_STANDARD = gnu11;
				GCC_NO_COMMON_BLOCKS = YES;
				GCC_WARN_64_TO_32_BIT_CONVERSION = YES;
				GCC_WARN_ABOUT_RETURN_TYPE = YES_ERROR;
				GCC_WARN_UNDECLARED_SELECTOR = YES;
				GCC_WARN_UNINITIALIZED_AUTOS = YES_AGGRESSIVE;
				GCC_WARN_UNUSED_FUNCTION = YES;
				GCC_WARN_UNUSED_VARIABLE = YES;
				IPHONEOS_DEPLOYMENT_TARGET = 13.0;
				MTL_ENABLE_DEBUG_INFO = NO;
				MTL_FAST_MATH = YES;
				SDKROOT = iphoneos;
				SWIFT_COMPILATION_MODE = wholemodule;
				SWIFT_OPTIMIZATION_LEVEL = "-O";
				VALIDATE_PRODUCT = YES;
			};
			name = Release;
		};
		BC977A1C2581191200760CC1 /* Debug */ = {
			isa = XCBuildConfiguration;
			buildSettings = {
				ASSETCATALOG_COMPILER_APPICON_NAME = AppIcon;
				ASSETCATALOG_COMPILER_GLOBAL_ACCENT_COLOR_NAME = AccentColor;
				CODE_SIGN_STYLE = Automatic;
				INFOPLIST_FILE = ToDoList/Info.plist;
				LD_RUNPATH_SEARCH_PATHS = (
					"$(inherited)",
					"@executable_path/Frameworks",
				);
				PRODUCT_BUNDLE_IDENTIFIER = com.serkan..ToDoList;
				PRODUCT_NAME = "$(TARGET_NAME)";
				SWIFT_VERSION = 5.0;
				TARGETED_DEVICE_FAMILY = "1,2";
			};
			name = Debug;
		};
		BC977A1D2581191200760CC1 /* Release */ = {
			isa = XCBuildConfiguration;
			buildSettings = {
				ASSETCATALOG_COMPILER_APPICON_NAME = AppIcon;
				ASSETCATALOG_COMPILER_GLOBAL_ACCENT_COLOR_NAME = AccentColor;
				CODE_SIGN_STYLE = Automatic;
				INFOPLIST_FILE = ToDoList/Info.plist;
				LD_RUNPATH_SEARCH_PATHS = (
					"$(inherited)",
					"@executable_path/Frameworks",
				);
				PRODUCT_BUNDLE_IDENTIFIER = com.serkan..ToDoList;
				PRODUCT_NAME = "$(TARGET_NAME)";
				SWIFT_VERSION = 5.0;
				TARGETED_DEVICE_FAMILY = "1,2";
			};
			name = Release;
		};
		BC977A1F2581191200760CC1 /* Debug */ = {
			isa = XCBuildConfiguration;
			buildSettings = {
				ALWAYS_EMBED_SWIFT_STANDARD_LIBRARIES = YES;
				BUNDLE_LOADER = "$(TEST_HOST)";
				CODE_SIGN_STYLE = Automatic;
				INFOPLIST_FILE = ToDoListTests/Info.plist;
				IPHONEOS_DEPLOYMENT_TARGET = 14.2;
				LD_RUNPATH_SEARCH_PATHS = (
					"$(inherited)",
					"@executable_path/Frameworks",
					"@loader_path/Frameworks",
				);
				PRODUCT_BUNDLE_IDENTIFIER = com.serkan..ToDoListTests;
				PRODUCT_NAME = "$(TARGET_NAME)";
				SWIFT_VERSION = 5.0;
				TARGETED_DEVICE_FAMILY = "1,2";
				TEST_HOST = "$(BUILT_PRODUCTS_DIR)/ToDoList.app/ToDoList";
			};
			name = Debug;
		};
		BC977A202581191200760CC1 /* Release */ = {
			isa = XCBuildConfiguration;
			buildSettings = {
				ALWAYS_EMBED_SWIFT_STANDARD_LIBRARIES = YES;
				BUNDLE_LOADER = "$(TEST_HOST)";
				CODE_SIGN_STYLE = Automatic;
				INFOPLIST_FILE = ToDoListTests/Info.plist;
				IPHONEOS_DEPLOYMENT_TARGET = 14.2;
				LD_RUNPATH_SEARCH_PATHS = (
					"$(inherited)",
					"@executable_path/Frameworks",
					"@loader_path/Frameworks",
				);
				PRODUCT_BUNDLE_IDENTIFIER = com.serkan..ToDoListTests;
				PRODUCT_NAME = "$(TARGET_NAME)";
				SWIFT_VERSION = 5.0;
				TARGETED_DEVICE_FAMILY = "1,2";
				TEST_HOST = "$(BUILT_PRODUCTS_DIR)/ToDoList.app/ToDoList";
			};
			name = Release;
		};
		BC977A222581191200760CC1 /* Debug */ = {
			isa = XCBuildConfiguration;
			buildSettings = {
				ALWAYS_EMBED_SWIFT_STANDARD_LIBRARIES = YES;
				CODE_SIGN_STYLE = Automatic;
				INFOPLIST_FILE = ToDoListUITests/Info.plist;
				LD_RUNPATH_SEARCH_PATHS = (
					"$(inherited)",
					"@executable_path/Frameworks",
					"@loader_path/Frameworks",
				);
				PRODUCT_BUNDLE_IDENTIFIER = com.serkan..ToDoListUITests;
				PRODUCT_NAME = "$(TARGET_NAME)";
				SWIFT_VERSION = 5.0;
				TARGETED_DEVICE_FAMILY = "1,2";
				TEST_TARGET_NAME = ToDoList;
			};
			name = Debug;
		};
		BC977A232581191200760CC1 /* Release */ = {
			isa = XCBuildConfiguration;
			buildSettings = {
				ALWAYS_EMBED_SWIFT_STANDARD_LIBRARIES = YES;
				CODE_SIGN_STYLE = Automatic;
				INFOPLIST_FILE = ToDoListUITests/Info.plist;
				LD_RUNPATH_SEARCH_PATHS = (
					"$(inherited)",
					"@executable_path/Frameworks",
					"@loader_path/Frameworks",
				);
				PRODUCT_BUNDLE_IDENTIFIER = com.serkan..ToDoListUITests;
				PRODUCT_NAME = "$(TARGET_NAME)";
				SWIFT_VERSION = 5.0;
				TARGETED_DEVICE_FAMILY = "1,2";
				TEST_TARGET_NAME = ToDoList;
			};
			name = Release;
		};
/* End XCBuildConfiguration section */

/* Begin XCConfigurationList section */
		BC9779E92581190F00760CC1 /* Build configuration list for PBXProject "ToDoList" */ = {
			isa = XCConfigurationList;
			buildConfigurations = (
				BC977A192581191200760CC1 /* Debug */,
				BC977A1A2581191200760CC1 /* Release */,
			);
			defaultConfigurationIsVisible = 0;
			defaultConfigurationName = Release;
		};
		BC977A1B2581191200760CC1 /* Build configuration list for PBXNativeTarget "ToDoList" */ = {
			isa = XCConfigurationList;
			buildConfigurations = (
				BC977A1C2581191200760CC1 /* Debug */,
				BC977A1D2581191200760CC1 /* Release */,
			);
			defaultConfigurationIsVisible = 0;
			defaultConfigurationName = Release;
		};
		BC977A1E2581191200760CC1 /* Build configuration list for PBXNativeTarget "ToDoListTests" */ = {
			isa = XCConfigurationList;
			buildConfigurations = (
				BC977A1F2581191200760CC1 /* Debug */,
				BC977A202581191200760CC1 /* Release */,
			);
			defaultConfigurationIsVisible = 0;
			defaultConfigurationName = Release;
		};
		BC977A212581191200760CC1 /* Build configuration list for PBXNativeTarget "ToDoListUITests" */ = {
			isa = XCConfigurationList;
			buildConfigurations = (
				BC977A222581191200760CC1 /* Debug */,
				BC977A232581191200760CC1 /* Release */,
			);
			defaultConfigurationIsVisible = 0;
			defaultConfigurationName = Release;
		};
/* End XCConfigurationList section */

/* Begin XCVersionGroup section */
		BC9779FA2581190F00760CC1 /* ToDoList.xcdatamodeld */ = {
			isa = XCVersionGroup;
			children = (
				BC9779FB2581190F00760CC1 /* ToDoList.xcdatamodel */,
			);
			currentVersion = BC9779FB2581190F00760CC1 /* ToDoList.xcdatamodel */;
			path = ToDoList.xcdatamodeld;
			sourceTree = "<group>";
			versionGroupType = wrapper.xcdatamodel;
		};
/* End XCVersionGroup section */
	};
	rootObject = BC9779E62581190F00760CC1 /* Project object */;
}
